// !$*UTF8*$!
{
	archiveVersion = 1;
	classes = {
	};
	objectVersion = 55;
	objects = {

/* Begin PBXBuildFile section */
		1F1B7F5F27BDA10100FE481F /* SwiftUIX in Frameworks */ = {isa = PBXBuildFile; productRef = 1F1B7F5E27BDA10100FE481F /* SwiftUIX */; settings = {ATTRIBUTES = (Weak, ); }; };
		1F1B7F6227BF2E4C00FE481F /* KeyboardObserving in Frameworks */ = {isa = PBXBuildFile; productRef = 1F1B7F6127BF2E4C00FE481F /* KeyboardObserving */; };
		1F1F14CC27A297C20015418E /* HueSlider.swift in Sources */ = {isa = PBXBuildFile; fileRef = 1F1F14CB27A297C20015418E /* HueSlider.swift */; };
		1F626BE42785854600968E72 /* Bluejay in Frameworks */ = {isa = PBXBuildFile; productRef = 1F626BE32785854600968E72 /* Bluejay */; };
		1F626BE72785856200968E72 /* ObjcExceptionBridging in Frameworks */ = {isa = PBXBuildFile; productRef = 1F626BE62785856200968E72 /* ObjcExceptionBridging */; };
		1F626BE92785856200968E72 /* XCGLogger in Frameworks */ = {isa = PBXBuildFile; productRef = 1F626BE82785856200968E72 /* XCGLogger */; };
		1F626BEC2785858200968E72 /* DSFSparkline in Frameworks */ = {isa = PBXBuildFile; productRef = 1F626BEB2785858200968E72 /* DSFSparkline */; };
		1FEEB45B278232CF002E0762 /* AdultFezFinderApp.swift in Sources */ = {isa = PBXBuildFile; fileRef = 1FEEB45A278232CF002E0762 /* AdultFezFinderApp.swift */; };
		1FEEB45D278232CF002E0762 /* ContentView.swift in Sources */ = {isa = PBXBuildFile; fileRef = 1FEEB45C278232CF002E0762 /* ContentView.swift */; };
		1FEEB45F278232D4002E0762 /* Assets.xcassets in Resources */ = {isa = PBXBuildFile; fileRef = 1FEEB45E278232D4002E0762 /* Assets.xcassets */; };
		1FEEB462278232D4002E0762 /* Preview Assets.xcassets in Resources */ = {isa = PBXBuildFile; fileRef = 1FEEB461278232D4002E0762 /* Preview Assets.xcassets */; };
		1FEEB46C278232D4002E0762 /* AdultFezFinderTests.swift in Sources */ = {isa = PBXBuildFile; fileRef = 1FEEB46B278232D4002E0762 /* AdultFezFinderTests.swift */; };
		1FEEB476278232D5002E0762 /* AdultFezFinderUITests.swift in Sources */ = {isa = PBXBuildFile; fileRef = 1FEEB475278232D5002E0762 /* AdultFezFinderUITests.swift */; };
		1FEEB478278232D5002E0762 /* AdultFezFinderUITestsLaunchTests.swift in Sources */ = {isa = PBXBuildFile; fileRef = 1FEEB477278232D5002E0762 /* AdultFezFinderUITestsLaunchTests.swift */; };
		1FEEB49627823FF6002E0762 /* BLEController.swift in Sources */ = {isa = PBXBuildFile; fileRef = 1FEEB49527823FF6002E0762 /* BLEController.swift */; };
		1FEEB4982782407C002E0762 /* FezState.swift in Sources */ = {isa = PBXBuildFile; fileRef = 1FEEB4972782407C002E0762 /* FezState.swift */; };
		1FEEB49A278240BC002E0762 /* Logger.swift in Sources */ = {isa = PBXBuildFile; fileRef = 1FEEB499278240BC002E0762 /* Logger.swift */; };
		1FEEB49D27824813002E0762 /* SignalStrength.swift in Sources */ = {isa = PBXBuildFile; fileRef = 1FEEB49C27824813002E0762 /* SignalStrength.swift */; };
		1FEEB4A027826394002E0762 /* Fez.swift in Sources */ = {isa = PBXBuildFile; fileRef = 1FEEB49F27826394002E0762 /* Fez.swift */; };
		1FEEB4A2278281B2002E0762 /* PowerMeter.swift in Sources */ = {isa = PBXBuildFile; fileRef = 1FEEB4A1278281B2002E0762 /* PowerMeter.swift */; };
		1FEEB4A42782E176002E0762 /* Timers.swift in Sources */ = {isa = PBXBuildFile; fileRef = 1FEEB4A32782E176002E0762 /* Timers.swift */; };
/* End PBXBuildFile section */

/* Begin PBXContainerItemProxy section */
		1FEEB468278232D4002E0762 /* PBXContainerItemProxy */ = {
			isa = PBXContainerItemProxy;
			containerPortal = 1FEEB44F278232CE002E0762 /* Project object */;
			proxyType = 1;
			remoteGlobalIDString = 1FEEB456278232CE002E0762;
			remoteInfo = AdultFezFinder;
		};
		1FEEB472278232D5002E0762 /* PBXContainerItemProxy */ = {
			isa = PBXContainerItemProxy;
			containerPortal = 1FEEB44F278232CE002E0762 /* Project object */;
			proxyType = 1;
			remoteGlobalIDString = 1FEEB456278232CE002E0762;
			remoteInfo = AdultFezFinder;
		};
/* End PBXContainerItemProxy section */

/* Begin PBXCopyFilesBuildPhase section */
		1FEEB48F27823A2C002E0762 /* Embed Frameworks */ = {
			isa = PBXCopyFilesBuildPhase;
			buildActionMask = 2147483647;
			dstPath = "";
			dstSubfolderSpec = 10;
			files = (
			);
			name = "Embed Frameworks";
			runOnlyForDeploymentPostprocessing = 0;
		};
/* End PBXCopyFilesBuildPhase section */

/* Begin PBXFileReference section */
		1F1F14CB27A297C20015418E /* HueSlider.swift */ = {isa = PBXFileReference; lastKnownFileType = sourcecode.swift; path = HueSlider.swift; sourceTree = "<group>"; };
		1FEEB457278232CE002E0762 /* AdultFezFinder.app */ = {isa = PBXFileReference; explicitFileType = wrapper.application; includeInIndex = 0; path = AdultFezFinder.app; sourceTree = BUILT_PRODUCTS_DIR; };
		1FEEB45A278232CF002E0762 /* AdultFezFinderApp.swift */ = {isa = PBXFileReference; lastKnownFileType = sourcecode.swift; path = AdultFezFinderApp.swift; sourceTree = "<group>"; };
		1FEEB45C278232CF002E0762 /* ContentView.swift */ = {isa = PBXFileReference; lastKnownFileType = sourcecode.swift; path = ContentView.swift; sourceTree = "<group>"; };
		1FEEB45E278232D4002E0762 /* Assets.xcassets */ = {isa = PBXFileReference; lastKnownFileType = folder.assetcatalog; path = Assets.xcassets; sourceTree = "<group>"; };
		1FEEB461278232D4002E0762 /* Preview Assets.xcassets */ = {isa = PBXFileReference; lastKnownFileType = folder.assetcatalog; path = "Preview Assets.xcassets"; sourceTree = "<group>"; };
		1FEEB467278232D4002E0762 /* AdultFezFinderTests.xctest */ = {isa = PBXFileReference; explicitFileType = wrapper.cfbundle; includeInIndex = 0; path = AdultFezFinderTests.xctest; sourceTree = BUILT_PRODUCTS_DIR; };
		1FEEB46B278232D4002E0762 /* AdultFezFinderTests.swift */ = {isa = PBXFileReference; lastKnownFileType = sourcecode.swift; path = AdultFezFinderTests.swift; sourceTree = "<group>"; };
		1FEEB471278232D5002E0762 /* AdultFezFinderUITests.xctest */ = {isa = PBXFileReference; explicitFileType = wrapper.cfbundle; includeInIndex = 0; path = AdultFezFinderUITests.xctest; sourceTree = BUILT_PRODUCTS_DIR; };
		1FEEB475278232D5002E0762 /* AdultFezFinderUITests.swift */ = {isa = PBXFileReference; lastKnownFileType = sourcecode.swift; path = AdultFezFinderUITests.swift; sourceTree = "<group>"; };
		1FEEB477278232D5002E0762 /* AdultFezFinderUITestsLaunchTests.swift */ = {isa = PBXFileReference; lastKnownFileType = sourcecode.swift; path = AdultFezFinderUITestsLaunchTests.swift; sourceTree = "<group>"; };
		1FEEB49527823FF6002E0762 /* BLEController.swift */ = {isa = PBXFileReference; lastKnownFileType = sourcecode.swift; path = BLEController.swift; sourceTree = "<group>"; };
		1FEEB4972782407C002E0762 /* FezState.swift */ = {isa = PBXFileReference; lastKnownFileType = sourcecode.swift; path = FezState.swift; sourceTree = "<group>"; };
		1FEEB499278240BC002E0762 /* Logger.swift */ = {isa = PBXFileReference; lastKnownFileType = sourcecode.swift; path = Logger.swift; sourceTree = "<group>"; };
		1FEEB49C27824813002E0762 /* SignalStrength.swift */ = {isa = PBXFileReference; lastKnownFileType = sourcecode.swift; path = SignalStrength.swift; sourceTree = "<group>"; };
		1FEEB49F27826394002E0762 /* Fez.swift */ = {isa = PBXFileReference; lastKnownFileType = sourcecode.swift; path = Fez.swift; sourceTree = "<group>"; };
		1FEEB4A1278281B2002E0762 /* PowerMeter.swift */ = {isa = PBXFileReference; lastKnownFileType = sourcecode.swift; path = PowerMeter.swift; sourceTree = "<group>"; };
		1FEEB4A32782E176002E0762 /* Timers.swift */ = {isa = PBXFileReference; lastKnownFileType = sourcecode.swift; path = Timers.swift; sourceTree = "<group>"; };
/* End PBXFileReference section */

/* Begin PBXFrameworksBuildPhase section */
		1FEEB454278232CE002E0762 /* Frameworks */ = {
			isa = PBXFrameworksBuildPhase;
			buildActionMask = 2147483647;
			files = (
				1F626BE72785856200968E72 /* ObjcExceptionBridging in Frameworks */,
				1F626BE42785854600968E72 /* Bluejay in Frameworks */,
				1F626BEC2785858200968E72 /* DSFSparkline in Frameworks */,
				1F1B7F5F27BDA10100FE481F /* SwiftUIX in Frameworks */,
				1F626BE92785856200968E72 /* XCGLogger in Frameworks */,
				1F1B7F6227BF2E4C00FE481F /* KeyboardObserving in Frameworks */,
			);
			runOnlyForDeploymentPostprocessing = 0;
		};
		1FEEB464278232D4002E0762 /* Frameworks */ = {
			isa = PBXFrameworksBuildPhase;
			buildActionMask = 2147483647;
			files = (
			);
			runOnlyForDeploymentPostprocessing = 0;
		};
		1FEEB46E278232D4002E0762 /* Frameworks */ = {
			isa = PBXFrameworksBuildPhase;
			buildActionMask = 2147483647;
			files = (
			);
			runOnlyForDeploymentPostprocessing = 0;
		};
/* End PBXFrameworksBuildPhase section */

/* Begin PBXGroup section */
		1FEEB44E278232CE002E0762 = {
			isa = PBXGroup;
			children = (
				1FEEB459278232CE002E0762 /* AdultFezFinder */,
				1FEEB46A278232D4002E0762 /* AdultFezFinderTests */,
				1FEEB474278232D5002E0762 /* AdultFezFinderUITests */,
				1FEEB458278232CE002E0762 /* Products */,
			);
			sourceTree = "<group>";
		};
		1FEEB458278232CE002E0762 /* Products */ = {
			isa = PBXGroup;
			children = (
				1FEEB457278232CE002E0762 /* AdultFezFinder.app */,
				1FEEB467278232D4002E0762 /* AdultFezFinderTests.xctest */,
				1FEEB471278232D5002E0762 /* AdultFezFinderUITests.xctest */,
			);
			name = Products;
			sourceTree = "<group>";
		};
		1FEEB459278232CE002E0762 /* AdultFezFinder */ = {
			isa = PBXGroup;
			children = (
				1FEEB45A278232CF002E0762 /* AdultFezFinderApp.swift */,
				1FEEB45C278232CF002E0762 /* ContentView.swift */,
				1FEEB49F27826394002E0762 /* Fez.swift */,
				1FEEB45E278232D4002E0762 /* Assets.xcassets */,
				1FEEB49B278240DA002E0762 /* Models */,
				1FEEB49E2782481A002E0762 /* Widgets */,
				1FEEB460278232D4002E0762 /* Preview Content */,
			);
			path = AdultFezFinder;
			sourceTree = "<group>";
		};
		1FEEB460278232D4002E0762 /* Preview Content */ = {
			isa = PBXGroup;
			children = (
				1FEEB461278232D4002E0762 /* Preview Assets.xcassets */,
			);
			path = "Preview Content";
			sourceTree = "<group>";
		};
		1FEEB46A278232D4002E0762 /* AdultFezFinderTests */ = {
			isa = PBXGroup;
			children = (
				1FEEB46B278232D4002E0762 /* AdultFezFinderTests.swift */,
			);
			path = AdultFezFinderTests;
			sourceTree = "<group>";
		};
		1FEEB474278232D5002E0762 /* AdultFezFinderUITests */ = {
			isa = PBXGroup;
			children = (
				1FEEB475278232D5002E0762 /* AdultFezFinderUITests.swift */,
				1FEEB477278232D5002E0762 /* AdultFezFinderUITestsLaunchTests.swift */,
			);
			path = AdultFezFinderUITests;
			sourceTree = "<group>";
		};
		1FEEB49B278240DA002E0762 /* Models */ = {
			isa = PBXGroup;
			children = (
				1FEEB49527823FF6002E0762 /* BLEController.swift */,
				1FEEB4972782407C002E0762 /* FezState.swift */,
				1FEEB499278240BC002E0762 /* Logger.swift */,
				1FEEB4A32782E176002E0762 /* Timers.swift */,
			);
			path = Models;
			sourceTree = "<group>";
		};
		1FEEB49E2782481A002E0762 /* Widgets */ = {
			isa = PBXGroup;
			children = (
				1F1F14CB27A297C20015418E /* HueSlider.swift */,
				1FEEB4A1278281B2002E0762 /* PowerMeter.swift */,
				1FEEB49C27824813002E0762 /* SignalStrength.swift */,
			);
			path = Widgets;
			sourceTree = "<group>";
		};
/* End PBXGroup section */

/* Begin PBXNativeTarget section */
		1FEEB456278232CE002E0762 /* AdultFezFinder */ = {
			isa = PBXNativeTarget;
			buildConfigurationList = 1FEEB47B278232D5002E0762 /* Build configuration list for PBXNativeTarget "AdultFezFinder" */;
			buildPhases = (
				1FEEB453278232CE002E0762 /* Sources */,
				1FEEB454278232CE002E0762 /* Frameworks */,
				1FEEB455278232CE002E0762 /* Resources */,
				1FEEB48F27823A2C002E0762 /* Embed Frameworks */,
			);
			buildRules = (
			);
			dependencies = (
			);
			name = AdultFezFinder;
			packageProductDependencies = (
				1F626BE32785854600968E72 /* Bluejay */,
				1F626BE62785856200968E72 /* ObjcExceptionBridging */,
				1F626BE82785856200968E72 /* XCGLogger */,
				1F626BEB2785858200968E72 /* DSFSparkline */,
				1F1B7F5E27BDA10100FE481F /* SwiftUIX */,
				1F1B7F6127BF2E4C00FE481F /* KeyboardObserving */,
			);
			productName = AdultFezFinder;
			productReference = 1FEEB457278232CE002E0762 /* AdultFezFinder.app */;
			productType = "com.apple.product-type.application";
		};
		1FEEB466278232D4002E0762 /* AdultFezFinderTests */ = {
			isa = PBXNativeTarget;
			buildConfigurationList = 1FEEB47E278232D5002E0762 /* Build configuration list for PBXNativeTarget "AdultFezFinderTests" */;
			buildPhases = (
				1FEEB463278232D4002E0762 /* Sources */,
				1FEEB464278232D4002E0762 /* Frameworks */,
				1FEEB465278232D4002E0762 /* Resources */,
			);
			buildRules = (
			);
			dependencies = (
				1FEEB469278232D4002E0762 /* PBXTargetDependency */,
			);
			name = AdultFezFinderTests;
			productName = AdultFezFinderTests;
			productReference = 1FEEB467278232D4002E0762 /* AdultFezFinderTests.xctest */;
			productType = "com.apple.product-type.bundle.unit-test";
		};
		1FEEB470278232D4002E0762 /* AdultFezFinderUITests */ = {
			isa = PBXNativeTarget;
			buildConfigurationList = 1FEEB481278232D5002E0762 /* Build configuration list for PBXNativeTarget "AdultFezFinderUITests" */;
			buildPhases = (
				1FEEB46D278232D4002E0762 /* Sources */,
				1FEEB46E278232D4002E0762 /* Frameworks */,
				1FEEB46F278232D4002E0762 /* Resources */,
			);
			buildRules = (
			);
			dependencies = (
				1FEEB473278232D5002E0762 /* PBXTargetDependency */,
			);
			name = AdultFezFinderUITests;
			productName = AdultFezFinderUITests;
			productReference = 1FEEB471278232D5002E0762 /* AdultFezFinderUITests.xctest */;
			productType = "com.apple.product-type.bundle.ui-testing";
		};
/* End PBXNativeTarget section */

/* Begin PBXProject section */
		1FEEB44F278232CE002E0762 /* Project object */ = {
			isa = PBXProject;
			attributes = {
				BuildIndependentTargetsInParallel = 1;
				LastSwiftUpdateCheck = 1320;
				LastUpgradeCheck = 1320;
				TargetAttributes = {
					1FEEB456278232CE002E0762 = {
						CreatedOnToolsVersion = 13.2.1;
					};
					1FEEB466278232D4002E0762 = {
						CreatedOnToolsVersion = 13.2.1;
						TestTargetID = 1FEEB456278232CE002E0762;
					};
					1FEEB470278232D4002E0762 = {
						CreatedOnToolsVersion = 13.2.1;
						TestTargetID = 1FEEB456278232CE002E0762;
					};
				};
			};
			buildConfigurationList = 1FEEB452278232CE002E0762 /* Build configuration list for PBXProject "AdultFezFinder" */;
			compatibilityVersion = "Xcode 13.0";
			developmentRegion = en;
			hasScannedForEncodings = 0;
			knownRegions = (
				en,
				Base,
			);
			mainGroup = 1FEEB44E278232CE002E0762;
			packageReferences = (
				1F626BE22785854600968E72 /* XCRemoteSwiftPackageReference "bluejay" */,
				1F626BE52785856200968E72 /* XCRemoteSwiftPackageReference "XCGLogger" */,
				1F626BEA2785858200968E72 /* XCRemoteSwiftPackageReference "DSFSparkline" */,
				1F1B7F5D27BDA10100FE481F /* XCRemoteSwiftPackageReference "SwiftUIX" */,
				1F1B7F6027BF2E4C00FE481F /* XCRemoteSwiftPackageReference "KeyboardObserving" */,
			);
			productRefGroup = 1FEEB458278232CE002E0762 /* Products */;
			projectDirPath = "";
			projectRoot = "";
			targets = (
				1FEEB456278232CE002E0762 /* AdultFezFinder */,
				1FEEB466278232D4002E0762 /* AdultFezFinderTests */,
				1FEEB470278232D4002E0762 /* AdultFezFinderUITests */,
			);
		};
/* End PBXProject section */

/* Begin PBXResourcesBuildPhase section */
		1FEEB455278232CE002E0762 /* Resources */ = {
			isa = PBXResourcesBuildPhase;
			buildActionMask = 2147483647;
			files = (
				1FEEB462278232D4002E0762 /* Preview Assets.xcassets in Resources */,
				1FEEB45F278232D4002E0762 /* Assets.xcassets in Resources */,
			);
			runOnlyForDeploymentPostprocessing = 0;
		};
		1FEEB465278232D4002E0762 /* Resources */ = {
			isa = PBXResourcesBuildPhase;
			buildActionMask = 2147483647;
			files = (
			);
			runOnlyForDeploymentPostprocessing = 0;
		};
		1FEEB46F278232D4002E0762 /* Resources */ = {
			isa = PBXResourcesBuildPhase;
			buildActionMask = 2147483647;
			files = (
			);
			runOnlyForDeploymentPostprocessing = 0;
		};
/* End PBXResourcesBuildPhase section */

/* Begin PBXSourcesBuildPhase section */
		1FEEB453278232CE002E0762 /* Sources */ = {
			isa = PBXSourcesBuildPhase;
			buildActionMask = 2147483647;
			files = (
				1FEEB49D27824813002E0762 /* SignalStrength.swift in Sources */,
				1FEEB4A027826394002E0762 /* Fez.swift in Sources */,
				1FEEB49A278240BC002E0762 /* Logger.swift in Sources */,
				1FEEB45D278232CF002E0762 /* ContentView.swift in Sources */,
				1FEEB45B278232CF002E0762 /* AdultFezFinderApp.swift in Sources */,
				1FEEB4A2278281B2002E0762 /* PowerMeter.swift in Sources */,
				1FEEB49627823FF6002E0762 /* BLEController.swift in Sources */,
				1F1F14CC27A297C20015418E /* HueSlider.swift in Sources */,
				1FEEB4A42782E176002E0762 /* Timers.swift in Sources */,
				1FEEB4982782407C002E0762 /* FezState.swift in Sources */,
			);
			runOnlyForDeploymentPostprocessing = 0;
		};
		1FEEB463278232D4002E0762 /* Sources */ = {
			isa = PBXSourcesBuildPhase;
			buildActionMask = 2147483647;
			files = (
				1FEEB46C278232D4002E0762 /* AdultFezFinderTests.swift in Sources */,
			);
			runOnlyForDeploymentPostprocessing = 0;
		};
		1FEEB46D278232D4002E0762 /* Sources */ = {
			isa = PBXSourcesBuildPhase;
			buildActionMask = 2147483647;
			files = (
				1FEEB476278232D5002E0762 /* AdultFezFinderUITests.swift in Sources */,
				1FEEB478278232D5002E0762 /* AdultFezFinderUITestsLaunchTests.swift in Sources */,
			);
			runOnlyForDeploymentPostprocessing = 0;
		};
/* End PBXSourcesBuildPhase section */

/* Begin PBXTargetDependency section */
		1FEEB469278232D4002E0762 /* PBXTargetDependency */ = {
			isa = PBXTargetDependency;
			target = 1FEEB456278232CE002E0762 /* AdultFezFinder */;
			targetProxy = 1FEEB468278232D4002E0762 /* PBXContainerItemProxy */;
		};
		1FEEB473278232D5002E0762 /* PBXTargetDependency */ = {
			isa = PBXTargetDependency;
			target = 1FEEB456278232CE002E0762 /* AdultFezFinder */;
			targetProxy = 1FEEB472278232D5002E0762 /* PBXContainerItemProxy */;
		};
/* End PBXTargetDependency section */

/* Begin XCBuildConfiguration section */
		1FEEB479278232D5002E0762 /* Debug */ = {
			isa = XCBuildConfiguration;
			buildSettings = {
				ALWAYS_SEARCH_USER_PATHS = NO;
				CLANG_ANALYZER_NONNULL = YES;
				CLANG_ANALYZER_NUMBER_OBJECT_CONVERSION = YES_AGGRESSIVE;
				CLANG_CXX_LANGUAGE_STANDARD = "gnu++17";
				CLANG_CXX_LIBRARY = "libc++";
				CLANG_ENABLE_MODULES = YES;
				CLANG_ENABLE_OBJC_ARC = YES;
				CLANG_ENABLE_OBJC_WEAK = YES;
				CLANG_WARN_BLOCK_CAPTURE_AUTORELEASING = YES;
				CLANG_WARN_BOOL_CONVERSION = YES;
				CLANG_WARN_COMMA = YES;
				CLANG_WARN_CONSTANT_CONVERSION = YES;
				CLANG_WARN_DEPRECATED_OBJC_IMPLEMENTATIONS = YES;
				CLANG_WARN_DIRECT_OBJC_ISA_USAGE = YES_ERROR;
				CLANG_WARN_DOCUMENTATION_COMMENTS = YES;
				CLANG_WARN_EMPTY_BODY = YES;
				CLANG_WARN_ENUM_CONVERSION = YES;
				CLANG_WARN_INFINITE_RECURSION = YES;
				CLANG_WARN_INT_CONVERSION = YES;
				CLANG_WARN_NON_LITERAL_NULL_CONVERSION = YES;
				CLANG_WARN_OBJC_IMPLICIT_RETAIN_SELF = YES;
				CLANG_WARN_OBJC_LITERAL_CONVERSION = YES;
				CLANG_WARN_OBJC_ROOT_CLASS = YES_ERROR;
				CLANG_WARN_QUOTED_INCLUDE_IN_FRAMEWORK_HEADER = YES;
				CLANG_WARN_RANGE_LOOP_ANALYSIS = YES;
				CLANG_WARN_STRICT_PROTOTYPES = YES;
				CLANG_WARN_SUSPICIOUS_MOVE = YES;
				CLANG_WARN_UNGUARDED_AVAILABILITY = YES_AGGRESSIVE;
				CLANG_WARN_UNREACHABLE_CODE = YES;
				CLANG_WARN__DUPLICATE_METHOD_MATCH = YES;
				COPY_PHASE_STRIP = NO;
				DEBUG_INFORMATION_FORMAT = dwarf;
				ENABLE_STRICT_OBJC_MSGSEND = YES;
				ENABLE_TESTABILITY = YES;
				GCC_C_LANGUAGE_STANDARD = gnu11;
				GCC_DYNAMIC_NO_PIC = NO;
				GCC_NO_COMMON_BLOCKS = YES;
				GCC_OPTIMIZATION_LEVEL = 0;
				GCC_PREPROCESSOR_DEFINITIONS = (
					"DEBUG=1",
					"$(inherited)",
				);
				GCC_WARN_64_TO_32_BIT_CONVERSION = YES;
				GCC_WARN_ABOUT_RETURN_TYPE = YES_ERROR;
				GCC_WARN_UNDECLARED_SELECTOR = YES;
				GCC_WARN_UNINITIALIZED_AUTOS = YES_AGGRESSIVE;
				GCC_WARN_UNUSED_FUNCTION = YES;
				GCC_WARN_UNUSED_VARIABLE = YES;
				IPHONEOS_DEPLOYMENT_TARGET = 15.0;
				MTL_ENABLE_DEBUG_INFO = INCLUDE_SOURCE;
				MTL_FAST_MATH = YES;
				ONLY_ACTIVE_ARCH = YES;
				SDKROOT = iphoneos;
				SWIFT_ACTIVE_COMPILATION_CONDITIONS = DEBUG;
				SWIFT_OPTIMIZATION_LEVEL = "-Onone";
			};
			name = Debug;
		};
		1FEEB47A278232D5002E0762 /* Release */ = {
			isa = XCBuildConfiguration;
			buildSettings = {
				ALWAYS_SEARCH_USER_PATHS = NO;
				CLANG_ANALYZER_NONNULL = YES;
				CLANG_ANALYZER_NUMBER_OBJECT_CONVERSION = YES_AGGRESSIVE;
				CLANG_CXX_LANGUAGE_STANDARD = "gnu++17";
				CLANG_CXX_LIBRARY = "libc++";
				CLANG_ENABLE_MODULES = YES;
				CLANG_ENABLE_OBJC_ARC = YES;
				CLANG_ENABLE_OBJC_WEAK = YES;
				CLANG_WARN_BLOCK_CAPTURE_AUTORELEASING = YES;
				CLANG_WARN_BOOL_CONVERSION = YES;
				CLANG_WARN_COMMA = YES;
				CLANG_WARN_CONSTANT_CONVERSION = YES;
				CLANG_WARN_DEPRECATED_OBJC_IMPLEMENTATIONS = YES;
				CLANG_WARN_DIRECT_OBJC_ISA_USAGE = YES_ERROR;
				CLANG_WARN_DOCUMENTATION_COMMENTS = YES;
				CLANG_WARN_EMPTY_BODY = YES;
				CLANG_WARN_ENUM_CONVERSION = YES;
				CLANG_WARN_INFINITE_RECURSION = YES;
				CLANG_WARN_INT_CONVERSION = YES;
				CLANG_WARN_NON_LITERAL_NULL_CONVERSION = YES;
				CLANG_WARN_OBJC_IMPLICIT_RETAIN_SELF = YES;
				CLANG_WARN_OBJC_LITERAL_CONVERSION = YES;
				CLANG_WARN_OBJC_ROOT_CLASS = YES_ERROR;
				CLANG_WARN_QUOTED_INCLUDE_IN_FRAMEWORK_HEADER = YES;
				CLANG_WARN_RANGE_LOOP_ANALYSIS = YES;
				CLANG_WARN_STRICT_PROTOTYPES = YES;
				CLANG_WARN_SUSPICIOUS_MOVE = YES;
				CLANG_WARN_UNGUARDED_AVAILABILITY = YES_AGGRESSIVE;
				CLANG_WARN_UNREACHABLE_CODE = YES;
				CLANG_WARN__DUPLICATE_METHOD_MATCH = YES;
				COPY_PHASE_STRIP = NO;
				DEBUG_INFORMATION_FORMAT = "dwarf-with-dsym";
				ENABLE_NS_ASSERTIONS = NO;
				ENABLE_STRICT_OBJC_MSGSEND = YES;
				GCC_C_LANGUAGE_STANDARD = gnu11;
				GCC_NO_COMMON_BLOCKS = YES;
				GCC_WARN_64_TO_32_BIT_CONVERSION = YES;
				GCC_WARN_ABOUT_RETURN_TYPE = YES_ERROR;
				GCC_WARN_UNDECLARED_SELECTOR = YES;
				GCC_WARN_UNINITIALIZED_AUTOS = YES_AGGRESSIVE;
				GCC_WARN_UNUSED_FUNCTION = YES;
				GCC_WARN_UNUSED_VARIABLE = YES;
				IPHONEOS_DEPLOYMENT_TARGET = 15.0;
				MTL_ENABLE_DEBUG_INFO = NO;
				MTL_FAST_MATH = YES;
				SDKROOT = iphoneos;
				SWIFT_COMPILATION_MODE = wholemodule;
				SWIFT_OPTIMIZATION_LEVEL = "-O";
				VALIDATE_PRODUCT = YES;
			};
			name = Release;
		};
		1FEEB47C278232D5002E0762 /* Debug */ = {
			isa = XCBuildConfiguration;
			buildSettings = {
				ASSETCATALOG_COMPILER_APPICON_NAME = AppIcon;
				ASSETCATALOG_COMPILER_GLOBAL_ACCENT_COLOR_NAME = AccentColor;
				CODE_SIGN_STYLE = Automatic;
				CURRENT_PROJECT_VERSION = 1;
				DEVELOPMENT_ASSET_PATHS = "\"AdultFezFinder/Preview Content\"";
				DEVELOPMENT_TEAM = NA6XFP6TY3;
				ENABLE_PREVIEWS = YES;
				GENERATE_INFOPLIST_FILE = YES;
				INFOPLIST_KEY_NSBluetoothAlwaysUsageDescription = "Bluetooth is required for Peripheral communication";
				INFOPLIST_KEY_UIApplicationSceneManifest_Generation = YES;
				INFOPLIST_KEY_UIApplicationSupportsIndirectInputEvents = YES;
				INFOPLIST_KEY_UILaunchScreen_Generation = YES;
				INFOPLIST_KEY_UISupportedInterfaceOrientations = "";
				INFOPLIST_KEY_UISupportedInterfaceOrientations_iPad = "UIInterfaceOrientationPortrait UIInterfaceOrientationPortraitUpsideDown";
				INFOPLIST_KEY_UISupportedInterfaceOrientations_iPhone = UIInterfaceOrientationPortrait;
				LD_RUNPATH_SEARCH_PATHS = (
					"$(inherited)",
					"@executable_path/Frameworks",
				);
				MARKETING_VERSION = 1.0;
				PRODUCT_BUNDLE_IDENTIFIER = com.example.AdultFezFinder;
				PRODUCT_NAME = "$(TARGET_NAME)";
				SWIFT_EMIT_LOC_STRINGS = YES;
				SWIFT_VERSION = 5.0;
				TARGETED_DEVICE_FAMILY = "1,2";
			};
			name = Debug;
		};
		1FEEB47D278232D5002E0762 /* Release */ = {
			isa = XCBuildConfiguration;
			buildSettings = {
				ASSETCATALOG_COMPILER_APPICON_NAME = AppIcon;
				ASSETCATALOG_COMPILER_GLOBAL_ACCENT_COLOR_NAME = AccentColor;
				CODE_SIGN_STYLE = Automatic;
				CURRENT_PROJECT_VERSION = 1;
				DEVELOPMENT_ASSET_PATHS = "\"AdultFezFinder/Preview Content\"";
				DEVELOPMENT_TEAM = NA6XFP6TY3;
				ENABLE_PREVIEWS = YES;
				GENERATE_INFOPLIST_FILE = YES;
				INFOPLIST_KEY_NSBluetoothAlwaysUsageDescription = "Bluetooth is required for Peripheral communication";
				INFOPLIST_KEY_UIApplicationSceneManifest_Generation = YES;
				INFOPLIST_KEY_UIApplicationSupportsIndirectInputEvents = YES;
				INFOPLIST_KEY_UILaunchScreen_Generation = YES;
				INFOPLIST_KEY_UISupportedInterfaceOrientations = "";
				INFOPLIST_KEY_UISupportedInterfaceOrientations_iPad = "UIInterfaceOrientationPortrait UIInterfaceOrientationPortraitUpsideDown";
				INFOPLIST_KEY_UISupportedInterfaceOrientations_iPhone = UIInterfaceOrientationPortrait;
				LD_RUNPATH_SEARCH_PATHS = (
					"$(inherited)",
					"@executable_path/Frameworks",
				);
				MARKETING_VERSION = 1.0;
				PRODUCT_BUNDLE_IDENTIFIER = com.example.AdultFezFinder;
				PRODUCT_NAME = "$(TARGET_NAME)";
				SWIFT_EMIT_LOC_STRINGS = YES;
				SWIFT_VERSION = 5.0;
				TARGETED_DEVICE_FAMILY = "1,2";
			};
			name = Release;
		};
		1FEEB47F278232D5002E0762 /* Debug */ = {
			isa = XCBuildConfiguration;
			buildSettings = {
				ALWAYS_EMBED_SWIFT_STANDARD_LIBRARIES = YES;
				BUNDLE_LOADER = "$(TEST_HOST)";
				CODE_SIGN_STYLE = Automatic;
				CURRENT_PROJECT_VERSION = 1;
				DEVELOPMENT_TEAM = NA6XFP6TY3;
				GENERATE_INFOPLIST_FILE = YES;
				IPHONEOS_DEPLOYMENT_TARGET = 15.0;
				MARKETING_VERSION = 1.0;
				PRODUCT_BUNDLE_IDENTIFIER = com.example.AdultFezFinderTests;
				PRODUCT_NAME = "$(TARGET_NAME)";
				SWIFT_EMIT_LOC_STRINGS = NO;
				SWIFT_VERSION = 5.0;
				TARGETED_DEVICE_FAMILY = "1,2";
			};
			name = Debug;
		};
		1FEEB480278232D5002E0762 /* Release */ = {
			isa = XCBuildConfiguration;
			buildSettings = {
				ALWAYS_EMBED_SWIFT_STANDARD_LIBRARIES = YES;
				BUNDLE_LOADER = "$(TEST_HOST)";
				CODE_SIGN_STYLE = Automatic;
				CURRENT_PROJECT_VERSION = 1;
				DEVELOPMENT_TEAM = NA6XFP6TY3;
				GENERATE_INFOPLIST_FILE = YES;
				IPHONEOS_DEPLOYMENT_TARGET = 15.0;
				MARKETING_VERSION = 1.0;
				PRODUCT_BUNDLE_IDENTIFIER = com.example.AdultFezFinderTests;
				PRODUCT_NAME = "$(TARGET_NAME)";
				SWIFT_EMIT_LOC_STRINGS = NO;
				SWIFT_VERSION = 5.0;
				TARGETED_DEVICE_FAMILY = "1,2";
			};
			name = Release;
		};
		1FEEB482278232D5002E0762 /* Debug */ = {
			isa = XCBuildConfiguration;
			buildSettings = {
				ALWAYS_EMBED_SWIFT_STANDARD_LIBRARIES = YES;
				CODE_SIGN_STYLE = Automatic;
				CURRENT_PROJECT_VERSION = 1;
				DEVELOPMENT_TEAM = NA6XFP6TY3;
				GENERATE_INFOPLIST_FILE = YES;
				MARKETING_VERSION = 1.0;
				PRODUCT_BUNDLE_IDENTIFIER = com.example.AdultFezFinderUITests;
				PRODUCT_NAME = "$(TARGET_NAME)";
				SWIFT_EMIT_LOC_STRINGS = NO;
				SWIFT_VERSION = 5.0;
				TARGETED_DEVICE_FAMILY = "1,2";
				TEST_TARGET_NAME = AdultFezFinder;
			};
			name = Debug;
		};
		1FEEB483278232D5002E0762 /* Release */ = {
			isa = XCBuildConfiguration;
			buildSettings = {
				ALWAYS_EMBED_SWIFT_STANDARD_LIBRARIES = YES;
				CODE_SIGN_STYLE = Automatic;
				CURRENT_PROJECT_VERSION = 1;
				DEVELOPMENT_TEAM = NA6XFP6TY3;
				GENERATE_INFOPLIST_FILE = YES;
				MARKETING_VERSION = 1.0;
				PRODUCT_BUNDLE_IDENTIFIER = com.example.AdultFezFinderUITests;
				PRODUCT_NAME = "$(TARGET_NAME)";
				SWIFT_EMIT_LOC_STRINGS = NO;
				SWIFT_VERSION = 5.0;
				TARGETED_DEVICE_FAMILY = "1,2";
				TEST_TARGET_NAME = AdultFezFinder;
			};
			name = Release;
		};
/* End XCBuildConfiguration section */

/* Begin XCConfigurationList section */
		1FEEB452278232CE002E0762 /* Build configuration list for PBXProject "AdultFezFinder" */ = {
			isa = XCConfigurationList;
			buildConfigurations = (
				1FEEB479278232D5002E0762 /* Debug */,
				1FEEB47A278232D5002E0762 /* Release */,
			);
			defaultConfigurationIsVisible = 0;
			defaultConfigurationName = Release;
		};
		1FEEB47B278232D5002E0762 /* Build configuration list for PBXNativeTarget "AdultFezFinder" */ = {
			isa = XCConfigurationList;
			buildConfigurations = (
				1FEEB47C278232D5002E0762 /* Debug */,
				1FEEB47D278232D5002E0762 /* Release */,
			);
			defaultConfigurationIsVisible = 0;
			defaultConfigurationName = Release;
		};
		1FEEB47E278232D5002E0762 /* Build configuration list for PBXNativeTarget "AdultFezFinderTests" */ = {
			isa = XCConfigurationList;
			buildConfigurations = (
				1FEEB47F278232D5002E0762 /* Debug */,
				1FEEB480278232D5002E0762 /* Release */,
			);
			defaultConfigurationIsVisible = 0;
			defaultConfigurationName = Release;
		};
		1FEEB481278232D5002E0762 /* Build configuration list for PBXNativeTarget "AdultFezFinderUITests" */ = {
			isa = XCConfigurationList;
			buildConfigurations = (
				1FEEB482278232D5002E0762 /* Debug */,
				1FEEB483278232D5002E0762 /* Release */,
			);
			defaultConfigurationIsVisible = 0;
			defaultConfigurationName = Release;
		};
/* End XCConfigurationList section */

/* Begin XCRemoteSwiftPackageReference section */
		1F1B7F5D27BDA10100FE481F /* XCRemoteSwiftPackageReference "SwiftUIX" */ = {
			isa = XCRemoteSwiftPackageReference;
			repositoryURL = "https://github.com/SwiftUIX/SwiftUIX";
			requirement = {
				kind = upToNextMajorVersion;
				minimumVersion = 0.1.1;
			};
		};
		1F1B7F6027BF2E4C00FE481F /* XCRemoteSwiftPackageReference "KeyboardObserving" */ = {
			isa = XCRemoteSwiftPackageReference;
			repositoryURL = "https://github.com/nickffox/KeyboardObserving";
			requirement = {
				branch = master;
				kind = branch;
			};
		};
		1F626BE22785854600968E72 /* XCRemoteSwiftPackageReference "bluejay" */ = {
			isa = XCRemoteSwiftPackageReference;
			repositoryURL = "https://github.com/steamclock/bluejay";
			requirement = {
				branch = master;
				kind = branch;
			};
		};
		1F626BE52785856200968E72 /* XCRemoteSwiftPackageReference "XCGLogger" */ = {
			isa = XCRemoteSwiftPackageReference;
			repositoryURL = "https://github.com/DaveWoodCom/XCGLogger";
			requirement = {
				kind = upToNextMajorVersion;
				minimumVersion = 7.0.1;
			};
		};
		1F626BEA2785858200968E72 /* XCRemoteSwiftPackageReference "DSFSparkline" */ = {
			isa = XCRemoteSwiftPackageReference;
			repositoryURL = "https://github.com/dagronf/DSFSparkline";
			requirement = {
				kind = upToNextMajorVersion;
				minimumVersion = 4.3.0;
			};
		};
/* End XCRemoteSwiftPackageReference section */

/* Begin XCSwiftPackageProductDependency section */
		1F1B7F5E27BDA10100FE481F /* SwiftUIX */ = {
			isa = XCSwiftPackageProductDependency;
			package = 1F1B7F5D27BDA10100FE481F /* XCRemoteSwiftPackageReference "SwiftUIX" */;
			productName = SwiftUIX;
		};
		1F1B7F6127BF2E4C00FE481F /* KeyboardObserving */ = {
			isa = XCSwiftPackageProductDependency;
			package = 1F1B7F6027BF2E4C00FE481F /* XCRemoteSwiftPackageReference "KeyboardObserving" */;
			productName = KeyboardObserving;
		};
		1F626BE32785854600968E72 /* Bluejay */ = {
			isa = XCSwiftPackageProductDependency;
			package = 1F626BE22785854600968E72 /* XCRemoteSwiftPackageReference "bluejay" */;
			productName = Bluejay;
		};
		1F626BE62785856200968E72 /* ObjcExceptionBridging */ = {
			isa = XCSwiftPackageProductDependency;
			package = 1F626BE52785856200968E72 /* XCRemoteSwiftPackageReference "XCGLogger" */;
			productName = ObjcExceptionBridging;
		};
		1F626BE82785856200968E72 /* XCGLogger */ = {
			isa = XCSwiftPackageProductDependency;
			package = 1F626BE52785856200968E72 /* XCRemoteSwiftPackageReference "XCGLogger" */;
			productName = XCGLogger;
		};
		1F626BEB2785858200968E72 /* DSFSparkline */ = {
			isa = XCSwiftPackageProductDependency;
			package = 1F626BEA2785858200968E72 /* XCRemoteSwiftPackageReference "DSFSparkline" */;
			productName = DSFSparkline;
		};
/* End XCSwiftPackageProductDependency section */
	};
	rootObject = 1FEEB44F278232CE002E0762 /* Project object */;
}
